github.com/tinywasm/await v0.0.1 h1:vjFS5GchpLuABsALZkTvqdIeRNImUupKMaBaa8jMYwQ=
github.com/tinywasm/await v0.0.1/go.mod h1:7Z60wpqsTfOhy8zVE4kd86ZrFZ97e9Vx4E69Xwgeca8=
github.com/tinywasm/dbus v0.0.1 h1:HWPx9IDcLDDOXYM+gJ8PpuZqxuyW7vvBzX5LyDppjL4=
github.com/tinywasm/dbus v0.0.1/go.mod h1:anuRR8oZZZinRsh/vP0taxQgpPBKQkTxmp84VmUxJmE=
github.com/tinywasm/webauthn v0.0.1 h1:9qUMqOX2nqiJjJVLt+YlWqu7QKHLYOOOL1WWOQNe2zg=
github.com/tinywasm/webauthn v0.0.1/go.mod h1:+sWnf+YVFssdCgt4paw/nk7Nqai0nJ/do+4/dasO4Yw=
